
Microsoft Visual Studio Solution File, Format Version 12.00
# Visual Studio Version 16
VisualStudioVersion = 16.0.30523.141
MinimumVisualStudioVersion = 10.0.40219.1
Project("{FAE04EC0-301F-11D3-BF4B-00C04F79EFBC}") = "Lab2", "Lab2\Lab2.csproj", "{0794F816-CDF7-4339-8592-58AA68A9E3FA}"
EndProject
Global
	GlobalSection(SolutionConfigurationPlatforms) = preSolution
		Debug|Any CPU = Debug|Any CPU
		Release|Any CPU = Release|Any CPU
	EndGlobalSection
	GlobalSection(ProjectConfigurationPlatforms) = postSolution
		{0794F816-CDF7-4339-8592-58AA68A9E3FA}.Debug|Any CPU.ActiveCfg = Debug|Any CPU
		{0794F816-CDF7-4339-8592-58AA68A9E3FA}.Debug|Any CPU.Build.0 = Debug|Any CPU
		{0794F816-CDF7-4339-8592-58AA68A9E3FA}.Release|Any CPU.ActiveCfg = Release|Any CPU
		{0794F816-CDF7-4339-8592-58AA68A9E3FA}.Release|Any CPU.Build.0 = Release|Any CPU
	EndGlobalSection
	GlobalSection(SolutionProperties) = preSolution
		HideSolutionNode = FALSE
	EndGlobalSection
	GlobalSection(ExtensibilityGlobals) = postSolution
		SolutionGuid = {FC001243-08EE-4C30-88C7-1DF8ECF8729E}
	EndGlobalSection
EndGlobal
